[[package]]
category = "dev"
description = "Atomic file writes."
marker = "sys_platform == \"win32\""
name = "atomicwrites"
optional = false
python-versions = ">=2.7, !=3.0.*, !=3.1.*, !=3.2.*, !=3.3.*"
version = "1.4.0"

[[package]]
category = "dev"
description = "Classes Without Boilerplate"
name = "attrs"
optional = false
python-versions = ">=2.7, !=3.0.*, !=3.1.*, !=3.2.*, !=3.3.*"
version = "19.3.0"

[package.extras]
azure-pipelines = ["coverage", "hypothesis", "pympler", "pytest (>=4.3.0)", "six", "zope.interface", "pytest-azurepipelines"]
dev = ["coverage", "hypothesis", "pympler", "pytest (>=4.3.0)", "six", "zope.interface", "sphinx", "pre-commit"]
docs = ["sphinx", "zope.interface"]
tests = ["coverage", "hypothesis", "pympler", "pytest (>=4.3.0)", "six", "zope.interface"]

[[package]]
category = "dev"
description = "Cross-platform colored terminal text."
marker = "sys_platform == \"win32\""
name = "colorama"
optional = false
python-versions = ">=2.7, !=3.0.*, !=3.1.*, !=3.2.*, !=3.3.*, !=3.4.*"
version = "0.4.3"

[[package]]
category = "dev"
description = "More routines for operating on iterables, beyond itertools"
name = "more-itertools"
optional = false
python-versions = ">=3.5"
version = "8.4.0"

[[package]]
category = "dev"
description = "Core utilities for Python packages"
name = "packaging"
optional = false
python-versions = ">=2.7, !=3.0.*, !=3.1.*, !=3.2.*, !=3.3.*"
version = "20.4"

[package.dependencies]
pyparsing = ">=2.0.2"
six = "*"

[[package]]
category = "dev"
description = "plugin and hook calling mechanisms for python"
name = "pluggy"
optional = false
python-versions = ">=2.7, !=3.0.*, !=3.1.*, !=3.2.*, !=3.3.*"
version = "0.13.1"

[package.extras]
dev = ["pre-commit", "tox"]

[[package]]
category = "dev"
description = "library with cross-python path, ini-parsing, io, code, log facilities"
name = "py"
optional = false
python-versions = ">=2.7, !=3.0.*, !=3.1.*, !=3.2.*, !=3.3.*"
version = "1.9.0"

[[package]]
category = "main"
description = "Python bindings for the PDF rendering library MuPDF"
name = "pymupdf"
optional = false
python-versions = "*"
version = "1.17.4"

[[package]]
category = "dev"
description = "Python parsing module"
name = "pyparsing"
optional = false
python-versions = ">=2.6, !=3.0.*, !=3.1.*, !=3.2.*"
version = "2.4.7"

[[package]]
category = "dev"
description = "pytest: simple powerful testing with Python"
name = "pytest"
optional = false
python-versions = ">=3.5"
version = "5.4.3"

[package.dependencies]
atomicwrites = ">=1.0"
attrs = ">=17.4.0"
colorama = "*"
more-itertools = ">=4.0.0"
packaging = "*"
pluggy = ">=0.12,<1.0"
py = ">=1.5.0"
wcwidth = "*"

[package.extras]
checkqa-mypy = ["mypy (v0.761)"]
testing = ["argcomplete", "hypothesis (>=3.56)", "mock", "nose", "requests", "xmlschema"]

[[package]]
category = "dev"
description = "Python 2 and 3 compatibility utilities"
name = "six"
optional = false
python-versions = ">=2.7, !=3.0.*, !=3.1.*, !=3.2.*"
version = "1.15.0"

[[package]]
category = "dev"
description = "Measures the displayed width of unicode strings in a terminal"
name = "wcwidth"
optional = false
python-versions = "*"
version = "0.2.5"

[metadata]
content-hash = "cf068d4879d4c47965c4904a9b20aad9d40ee1066525b2c085c508afa7742a63"
python-versions = "^3.8"

[metadata.files]
atomicwrites = [
    {file = "atomicwrites-1.4.0-py2.py3-none-any.whl", hash = "sha256:6d1784dea7c0c8d4a5172b6c620f40b6e4cbfdf96d783691f2e1302a7b88e197"},
    {file = "atomicwrites-1.4.0.tar.gz", hash = "sha256:ae70396ad1a434f9c7046fd2dd196fc04b12f9e91ffb859164193be8b6168a7a"},
]
attrs = [
    {file = "attrs-19.3.0-py2.py3-none-any.whl", hash = "sha256:08a96c641c3a74e44eb59afb61a24f2cb9f4d7188748e76ba4bb5edfa3cb7d1c"},
    {file = "attrs-19.3.0.tar.gz", hash = "sha256:f7b7ce16570fe9965acd6d30101a28f62fb4a7f9e926b3bbc9b61f8b04247e72"},
]
colorama = [
    {file = "colorama-0.4.3-py2.py3-none-any.whl", hash = "sha256:7d73d2a99753107a36ac6b455ee49046802e59d9d076ef8e47b61499fa29afff"},
    {file = "colorama-0.4.3.tar.gz", hash = "sha256:e96da0d330793e2cb9485e9ddfd918d456036c7149416295932478192f4436a1"},
]
more-itertools = [
    {file = "more-itertools-8.4.0.tar.gz", hash = "sha256:68c70cc7167bdf5c7c9d8f6954a7837089c6a36bf565383919bb595efb8a17e5"},
    {file = "more_itertools-8.4.0-py3-none-any.whl", hash = "sha256:b78134b2063dd214000685165d81c154522c3ee0a1c0d4d113c80361c234c5a2"},
]
packaging = [
    {file = "packaging-20.4-py2.py3-none-any.whl", hash = "sha256:998416ba6962ae7fbd6596850b80e17859a5753ba17c32284f67bfff33784181"},
    {file = "packaging-20.4.tar.gz", hash = "sha256:4357f74f47b9c12db93624a82154e9b120fa8293699949152b22065d556079f8"},
]
pluggy = [
    {file = "pluggy-0.13.1-py2.py3-none-any.whl", hash = "sha256:966c145cd83c96502c3c3868f50408687b38434af77734af1e9ca461a4081d2d"},
    {file = "pluggy-0.13.1.tar.gz", hash = "sha256:15b2acde666561e1298d71b523007ed7364de07029219b604cf808bfa1c765b0"},
]
py = [
    {file = "py-1.9.0-py2.py3-none-any.whl", hash = "sha256:366389d1db726cd2fcfc79732e75410e5fe4d31db13692115529d34069a043c2"},
    {file = "py-1.9.0.tar.gz", hash = "sha256:9ca6883ce56b4e8da7e79ac18787889fa5206c79dcc67fb065376cd2fe03f342"},
]
pymupdf = [
    {file = "PyMuPDF-1.17.4-cp27-cp27m-macosx_10_9_x86_64.whl", hash = "sha256:7e9bfe18e66e4c8db891776bd922d59698b3031c0a9797189eb0b7e53a33872d"},
    {file = "PyMuPDF-1.17.4-cp27-cp27m-manylinux2010_x86_64.whl", hash = "sha256:3ed07b4988eaa1d0253e85154245446d7a182f4507b75d70d2ed706b2efac15c"},
    {file = "PyMuPDF-1.17.4-cp27-cp27m-win32.whl", hash = "sha256:464c9078adaa0a7a2912ba5262016c7779ab9ceeb4ee9da8e73fc1cdc0129b38"},
    {file = "PyMuPDF-1.17.4-cp27-cp27m-win_amd64.whl", hash = "sha256:928df2b71f74d0bc420146bb3cc2e7eb48b2bcc10eafbeeb9b064bfa826e6ed4"},
    {file = "PyMuPDF-1.17.4-cp27-cp27mu-manylinux2010_x86_64.whl", hash = "sha256:629495090f036d4ad39875f8ea88b07db77f35a84c297f36df2c4cdc8a3666c9"},
    {file = "PyMuPDF-1.17.4-cp35-cp35m-macosx_10_9_x86_64.whl", hash = "sha256:75ab703845f87330c6c7f72b88e449040f5fd2b185f9e3ac767fd49ab753878b"},
    {file = "PyMuPDF-1.17.4-cp35-cp35m-manylinux2010_x86_64.whl", hash = "sha256:a242b1b42fce0080683b063927010dafbe198c38f7e6eceed59b3aedd4e8bee1"},
    {file = "PyMuPDF-1.17.4-cp35-cp35m-win32.whl", hash = "sha256:6cedadfe9bf2a9aefcc7e87833ef3c98ae49717dd9aa451ce4d7daea7b2553b4"},
    {file = "PyMuPDF-1.17.4-cp35-cp35m-win_amd64.whl", hash = "sha256:9558157196ba52526f88d0704640d5e21bea6725447440e6d00a4b0e1dea2945"},
    {file = "PyMuPDF-1.17.4-cp36-cp36m-macosx_10_9_x86_64.whl", hash = "sha256:2a2afefd57a68da3005a8952fd48392dd3467c419f9133fb5c49eaea63924c3a"},
    {file = "PyMuPDF-1.17.4-cp36-cp36m-manylinux2010_x86_64.whl", hash = "sha256:069bea0f8cae9d5ca0764d030126f6eef8fc77b643d555203eb9ace2378fc6a0"},
    {file = "PyMuPDF-1.17.4-cp36-cp36m-win32.whl", hash = "sha256:e0bb2491bd75282ec666e4634162b89d7c261076a64ef3f65475f52fcf2f7b6d"},
    {file = "PyMuPDF-1.17.4-cp36-cp36m-win_amd64.whl", hash = "sha256:e9211ae0e2a9ab97987b089a629b9d7b6149c549ef477d541a3ed559a38e5ccd"},
    {file = "PyMuPDF-1.17.4-cp37-cp37m-macosx_10_9_x86_64.whl", hash = "sha256:a131b38e3a7297790808f6ac10747cf6b743e2e98922fae786dc3feac3201ab7"},
    {file = "PyMuPDF-1.17.4-cp37-cp37m-manylinux2010_x86_64.whl", hash = "sha256:47199db99ea6f0696bcb5eec304f3ecbd1d812401404ee50cac6f8f49460ad50"},
    {file = "PyMuPDF-1.17.4-cp37-cp37m-win32.whl", hash = "sha256:a0dd412ab7be40b60ffabaf04d6574bbb45547fa5c78da3fed7d276c937e8f54"},
    {file = "PyMuPDF-1.17.4-cp37-cp37m-win_amd64.whl", hash = "sha256:5f7aa3313e392cefb6a32f46864c0248ad29b1f3607498cbd8cd3b89913f02b9"},
    {file = "PyMuPDF-1.17.4-cp38-cp38-macosx_10_9_x86_64.whl", hash = "sha256:3949ebe467aa0fd9c529184f06c10baf3cf64e7432d25ffeb7a636fe8704a93c"},
    {file = "PyMuPDF-1.17.4-cp38-cp38-manylinux2010_x86_64.whl", hash = "sha256:db11a3922be63f55fad70428b92149c8524575a575b246c8b057e781efc35b90"},
    {file = "PyMuPDF-1.17.4-cp38-cp38-win32.whl", hash = "sha256:8832a294faab4aab8bce7dceff1bb537563159cbf03d5aa485d3f61058eba1fc"},
    {file = "PyMuPDF-1.17.4-cp38-cp38-win_amd64.whl", hash = "sha256:fcf8ccb5adf1dca2ea02d99759840edde1353fc96994d897eddff39cfb5d5f25"},
    {file = "PyMuPDF-1.17.4.tar.gz", hash = "sha256:e04421ac7e9e892ea482d0bbf8b590ae7a4f82858faa6fd24943b037122971c0"},
]
pyparsing = [
    {file = "pyparsing-2.4.7-py2.py3-none-any.whl", hash = "sha256:ef9d7589ef3c200abe66653d3f1ab1033c3c419ae9b9bdb1240a85b024efc88b"},
    {file = "pyparsing-2.4.7.tar.gz", hash = "sha256:c203ec8783bf771a155b207279b9bccb8dea02d8f0c9e5f8ead507bc3246ecc1"},
]
pytest = [
    {file = "pytest-5.4.3-py3-none-any.whl", hash = "sha256:5c0db86b698e8f170ba4582a492248919255fcd4c79b1ee64ace34301fb589a1"},
    {file = "pytest-5.4.3.tar.gz", hash = "sha256:7979331bfcba207414f5e1263b5a0f8f521d0f457318836a7355531ed1a4c7d8"},
]
six = [
    {file = "six-1.15.0-py2.py3-none-any.whl", hash = "sha256:8b74bedcbbbaca38ff6d7491d76f2b06b3592611af620f8426e82dddb04a5ced"},
    {file = "six-1.15.0.tar.gz", hash = "sha256:30639c035cdb23534cd4aa2dd52c3bf48f06e5f4a941509c8bafd8ce11080259"},
]
wcwidth = [
    {file = "wcwidth-0.2.5-py2.py3-none-any.whl", hash = "sha256:beb4802a9cebb9144e99086eff703a642a13d6a0052920003a230f3294bbe784"},
    {file = "wcwidth-0.2.5.tar.gz", hash = "sha256:c4d647b99872929fdb7bdcaa4fbe7f01413ed3d98077df798530e5b04f116c83"},
]
